
Microsoft Visual Studio Solution File, Format Version 12.00
# Visual Studio 15
VisualStudioVersion = 15.0.27130.2036
MinimumVisualStudioVersion = 10.0.40219.1
Project("{FAE04EC0-301F-11D3-BF4B-00C04F79EFBC}") = "Grupparbete_Insurance", "Grupparbete_Insurance\Grupparbete_Insurance.csproj", "{FFD1C7E4-AEBD-41B6-A707-5EECBD29AC83}"
EndProject
Global
	GlobalSection(SolutionConfigurationPlatforms) = preSolution
		Debug|Any CPU = Debug|Any CPU
		Release|Any CPU = Release|Any CPU
	EndGlobalSection
	GlobalSection(ProjectConfigurationPlatforms) = postSolution
		{FFD1C7E4-AEBD-41B6-A707-5EECBD29AC83}.Debug|Any CPU.ActiveCfg = Debug|Any CPU
		{FFD1C7E4-AEBD-41B6-A707-5EECBD29AC83}.Debug|Any CPU.Build.0 = Debug|Any CPU
		{FFD1C7E4-AEBD-41B6-A707-5EECBD29AC83}.Release|Any CPU.ActiveCfg = Release|Any CPU
		{FFD1C7E4-AEBD-41B6-A707-5EECBD29AC83}.Release|Any CPU.Build.0 = Release|Any CPU
	EndGlobalSection
	GlobalSection(SolutionProperties) = preSolution
		HideSolutionNode = FALSE
	EndGlobalSection
	GlobalSection(ExtensibilityGlobals) = postSolution
		SolutionGuid = {91C605A5-BA27-4D3C-8391-B9015B0CA8AE}
	EndGlobalSection
EndGlobal
